
Microsoft Visual Studio Solution File, Format Version 12.00
# Visual Studio Version 16
VisualStudioVersion = 16.0.29306.81
MinimumVisualStudioVersion = 10.0.40219.1
Project("{9A19103F-16F7-4668-BE54-9A1E7A4F7556}") = "Ost OOP 5", "Ost OOP 5\Ost OOP 5.csproj", "{538DA8AC-057D-47CE-B21B-2457B36D5F45}"
EndProject
Project("{FAE04EC0-301F-11D3-BF4B-00C04F79EFBC}") = "UnitTestProject1", "UnitTestProject1\UnitTestProject1.csproj", "{55A5F587-F8EC-4158-8D41-ADC7B5DD1005}"
EndProject
Global
	GlobalSection(SolutionConfigurationPlatforms) = preSolution
		Debug|Any CPU = Debug|Any CPU
		Release|Any CPU = Release|Any CPU
	EndGlobalSection
	GlobalSection(ProjectConfigurationPlatforms) = postSolution
		{538DA8AC-057D-47CE-B21B-2457B36D5F45}.Debug|Any CPU.ActiveCfg = Debug|Any CPU
		{538DA8AC-057D-47CE-B21B-2457B36D5F45}.Debug|Any CPU.Build.0 = Debug|Any CPU
		{538DA8AC-057D-47CE-B21B-2457B36D5F45}.Release|Any CPU.ActiveCfg = Release|Any CPU
		{538DA8AC-057D-47CE-B21B-2457B36D5F45}.Release|Any CPU.Build.0 = Release|Any CPU
		{55A5F587-F8EC-4158-8D41-ADC7B5DD1005}.Debug|Any CPU.ActiveCfg = Debug|Any CPU
		{55A5F587-F8EC-4158-8D41-ADC7B5DD1005}.Debug|Any CPU.Build.0 = Debug|Any CPU
		{55A5F587-F8EC-4158-8D41-ADC7B5DD1005}.Release|Any CPU.ActiveCfg = Release|Any CPU
		{55A5F587-F8EC-4158-8D41-ADC7B5DD1005}.Release|Any CPU.Build.0 = Release|Any CPU
	EndGlobalSection
	GlobalSection(SolutionProperties) = preSolution
		HideSolutionNode = FALSE
	EndGlobalSection
	GlobalSection(ExtensibilityGlobals) = postSolution
		SolutionGuid = {FD5D5E64-345E-47F5-8E2B-87434C2997D2}
	EndGlobalSection
EndGlobal
